<?xml version="1.0" encoding="UTF-8" standalone="yes" ?>
<CodeBlocks_project_file>
	<FileVersion major="1" minor="6" />
	<Project>
		<Option title="NanoporeChallenge" />
		<Option pch_mode="2" />
		<Option compiler="gcc" />
		<Build>
			<Target title="Debug">
				<Option output="bin/Debug/NanoporeChallenge" prefix_auto="1" extension_auto="1" />
				<Option object_output="obj/Debug/" />
				<Option type="1" />
				<Option compiler="gcc" />
				<Compiler>
					<Add option="-std=c++11" />
					<Add option="-g" />
					<Add directory="/home/joe/includes/boost_1_60_0" />
					<Add directory="include" />
					<Add directory="/usr/local/hdf5/include" />
				</Compiler>
				<Linker>
					<Add option="-lhdf5" />
					<Add option="-lrt" />
					<Add option="-lboost_thread" />
					<Add option="-pthread" />
					<Add directory="/usr/local/lib" />
					<Add directory="/lib" />
					<Add directory="/usr/local/hdf5/lib" />
				</Linker>
			</Target>
			<Target title="Release">
				<Option output="bin/Release/NanoporeChallenge" prefix_auto="1" extension_auto="1" />
				<Option object_output="obj/Release/" />
				<Option type="1" />
				<Option compiler="gcc" />
				<Compiler>
					<Add option="-O2" />
					<Add directory="include" />
				</Compiler>
				<Linker>
					<Add option="-s" />
				</Linker>
			</Target>
		</Build>
		<Compiler>
			<Add option="-Wall" />
			<Add option="-fexceptions" />
		</Compiler>
		<Unit filename="include/DataPointsConsumer.h" />
		<Unit filename="include/DataPointsProducer.h" />
		<Unit filename="include/HDF5HandlerBase.h" />
		<Unit filename="include/SharedMemoryData.h" />
		<Unit filename="main.cpp" />
		<Unit filename="src/DataPointsConsumer.cpp" />
		<Unit filename="src/DataPointsProducer.cpp" />
		<Unit filename="src/HDF5HandlerBase.cpp" />
		<Extensions>
			<code_completion />
			<envvars />
			<debugger />
			<lib_finder disable_auto="1" />
		</Extensions>
	</Project>
</CodeBlocks_project_file>
